
Microsoft Visual Studio Solution File, Format Version 12.00
# Visual Studio Version 17
VisualStudioVersion = 17.5.33530.505
MinimumVisualStudioVersion = 10.0.40219.1
Project("{FAE04EC0-301F-11D3-BF4B-00C04F79EFBC}") = "MakeNSWSD", "MakeNSWSD.csproj", "{36569991-C956-41F0-9C59-E9857032FC5C}"
EndProject
Global
	GlobalSection(SolutionConfigurationPlatforms) = preSolution
		Debug|Any CPU = Debug|Any CPU
		Release|Any CPU = Release|Any CPU
	EndGlobalSection
	GlobalSection(ProjectConfigurationPlatforms) = postSolution
		{36569991-C956-41F0-9C59-E9857032FC5C}.Debug|Any CPU.ActiveCfg = Debug|Any CPU
		{36569991-C956-41F0-9C59-E9857032FC5C}.Debug|Any CPU.Build.0 = Debug|Any CPU
		{36569991-C956-41F0-9C59-E9857032FC5C}.Release|Any CPU.ActiveCfg = Release|Any CPU
		{36569991-C956-41F0-9C59-E9857032FC5C}.Release|Any CPU.Build.0 = Release|Any CPU
	EndGlobalSection
	GlobalSection(SolutionProperties) = preSolution
		HideSolutionNode = FALSE
	EndGlobalSection
	GlobalSection(ExtensibilityGlobals) = postSolution
		SolutionGuid = {1A35E491-5DAE-49F5-9BCF-6316BF52AC45}
	EndGlobalSection
EndGlobal
